
Microsoft Visual Studio Solution File, Format Version 12.00
# Visual Studio Version 17
VisualStudioVersion = 17.9.34607.119
MinimumVisualStudioVersion = 10.0.40219.1
Project("{FAE04EC0-301F-11D3-BF4B-00C04F79EFBC}") = "Momir-Viginator-cs", "Momir-Viginator-cs\Momir-Viginator-cs.csproj", "{D2BB6030-6387-40EB-AF61-FC02B7619A4E}"
EndProject
Global
	GlobalSection(SolutionConfigurationPlatforms) = preSolution
		Debug|Any CPU = Debug|Any CPU
		Release|Any CPU = Release|Any CPU
	EndGlobalSection
	GlobalSection(ProjectConfigurationPlatforms) = postSolution
		{D2BB6030-6387-40EB-AF61-FC02B7619A4E}.Debug|Any CPU.ActiveCfg = Debug|Any CPU
		{D2BB6030-6387-40EB-AF61-FC02B7619A4E}.Debug|Any CPU.Build.0 = Debug|Any CPU
		{D2BB6030-6387-40EB-AF61-FC02B7619A4E}.Release|Any CPU.ActiveCfg = Release|Any CPU
		{D2BB6030-6387-40EB-AF61-FC02B7619A4E}.Release|Any CPU.Build.0 = Release|Any CPU
	EndGlobalSection
	GlobalSection(SolutionProperties) = preSolution
		HideSolutionNode = FALSE
	EndGlobalSection
	GlobalSection(ExtensibilityGlobals) = postSolution
		SolutionGuid = {CD4A56D3-4531-41BC-A91B-C8D7D36CCD61}
	EndGlobalSection
EndGlobal
