
Microsoft Visual Studio Solution File, Format Version 12.00
# Visual Studio Version 17
VisualStudioVersion = 17.9.34607.119
MinimumVisualStudioVersion = 10.0.40219.1
Project("{9A19103F-16F7-4668-BE54-9A1E7A4F7556}") = "Momir-Viginator-cs", "Momir-Viginator-cs\Momir-Viginator-cs.csproj", "{D2BB6030-6387-40EB-AF61-FC02B7619A4E}"
EndProject
Project("{9A19103F-16F7-4668-BE54-9A1E7A4F7556}") = "TestApp", "TestApp\TestApp.csproj", "{1FF6ABAC-825F-4FC8-976D-44674B881CD6}"
EndProject
Project("{9A19103F-16F7-4668-BE54-9A1E7A4F7556}") = "Momir-Viginator-Tests", "Momir-Viginator-Tests\Momir-Viginator-Tests.csproj", "{2E5CD4C2-4CB2-44FE-BA9B-E99C7F7C9088}"
	ProjectSection(ProjectDependencies) = postProject
		{D2BB6030-6387-40EB-AF61-FC02B7619A4E} = {D2BB6030-6387-40EB-AF61-FC02B7619A4E}
	EndProjectSection
EndProject
Project("{FAE04EC0-301F-11D3-BF4B-00C04F79EFBC}") = "Momir-Viginator-app", "Momir-Viginator-app\Momir-Viginator-app.csproj", "{B40B8000-39F0-488F-9385-44477CAD19BE}"
	ProjectSection(ProjectDependencies) = postProject
		{D2BB6030-6387-40EB-AF61-FC02B7619A4E} = {D2BB6030-6387-40EB-AF61-FC02B7619A4E}
	EndProjectSection
EndProject
Global
	GlobalSection(SolutionConfigurationPlatforms) = preSolution
		Debug|Any CPU = Debug|Any CPU
		Release|Any CPU = Release|Any CPU
	EndGlobalSection
	GlobalSection(ProjectConfigurationPlatforms) = postSolution
		{D2BB6030-6387-40EB-AF61-FC02B7619A4E}.Debug|Any CPU.ActiveCfg = Debug|Any CPU
		{D2BB6030-6387-40EB-AF61-FC02B7619A4E}.Debug|Any CPU.Build.0 = Debug|Any CPU
		{D2BB6030-6387-40EB-AF61-FC02B7619A4E}.Release|Any CPU.ActiveCfg = Release|Any CPU
		{D2BB6030-6387-40EB-AF61-FC02B7619A4E}.Release|Any CPU.Build.0 = Release|Any CPU
		{1FF6ABAC-825F-4FC8-976D-44674B881CD6}.Debug|Any CPU.ActiveCfg = Debug|Any CPU
		{1FF6ABAC-825F-4FC8-976D-44674B881CD6}.Debug|Any CPU.Build.0 = Debug|Any CPU
		{1FF6ABAC-825F-4FC8-976D-44674B881CD6}.Release|Any CPU.ActiveCfg = Release|Any CPU
		{1FF6ABAC-825F-4FC8-976D-44674B881CD6}.Release|Any CPU.Build.0 = Release|Any CPU
		{2E5CD4C2-4CB2-44FE-BA9B-E99C7F7C9088}.Debug|Any CPU.ActiveCfg = Debug|Any CPU
		{2E5CD4C2-4CB2-44FE-BA9B-E99C7F7C9088}.Debug|Any CPU.Build.0 = Debug|Any CPU
		{2E5CD4C2-4CB2-44FE-BA9B-E99C7F7C9088}.Release|Any CPU.ActiveCfg = Release|Any CPU
		{2E5CD4C2-4CB2-44FE-BA9B-E99C7F7C9088}.Release|Any CPU.Build.0 = Release|Any CPU
		{B40B8000-39F0-488F-9385-44477CAD19BE}.Debug|Any CPU.ActiveCfg = Debug|Any CPU
		{B40B8000-39F0-488F-9385-44477CAD19BE}.Debug|Any CPU.Build.0 = Debug|Any CPU
		{B40B8000-39F0-488F-9385-44477CAD19BE}.Debug|Any CPU.Deploy.0 = Debug|Any CPU
		{B40B8000-39F0-488F-9385-44477CAD19BE}.Release|Any CPU.ActiveCfg = Release|Any CPU
		{B40B8000-39F0-488F-9385-44477CAD19BE}.Release|Any CPU.Build.0 = Release|Any CPU
		{B40B8000-39F0-488F-9385-44477CAD19BE}.Release|Any CPU.Deploy.0 = Release|Any CPU
	EndGlobalSection
	GlobalSection(SolutionProperties) = preSolution
		HideSolutionNode = FALSE
	EndGlobalSection
	GlobalSection(ExtensibilityGlobals) = postSolution
		SolutionGuid = {CD4A56D3-4531-41BC-A91B-C8D7D36CCD61}
	EndGlobalSection
EndGlobal
